<?xml version="1.0" encoding="utf-8"?>
<Project ToolsVersion="4.0" xmlns="http://schemas.microsoft.com/developer/msbuild/2003">
  <ItemGroup>
    <Filter Include="Source Files">
      <UniqueIdentifier>{4FC737F1-C7A5-4376-A066-2A32D752A2FF}</UniqueIdentifier>
      <Extensions>cpp;c;cc;cxx;c++;cppm;ixx;def;odl;idl;hpj;bat;asm;asmx</Extensions>
    </Filter>
    <Filter Include="Header Files">
      <UniqueIdentifier>{93995380-89BD-4b04-88EB-625FBE52EBFB}</UniqueIdentifier>
      <Extensions>h;hh;hpp;hxx;h++;hm;inl;inc;ipp;xsd</Extensions>
    </Filter>
    <Filter Include="Resource Files">
      <UniqueIdentifier>{67DA6AB6-F800-4c08-8B7A-83BB121AAD01}</UniqueIdentifier>
      <Extensions>rc;ico;cur;bmp;dlg;rc2;rct;bin;rgs;gif;jpg;jpeg;jpe;resx;tiff;tif;png;wav;mfcribbon-ms</Extensions>
    </Filter>
    <Filter Include="Resource Files\Shaders">
      <UniqueIdentifier>{15f0a517-6167-4021-bc7c-1dbd7f3f6598}</UniqueIdentifier>
    </Filter>
    <Filter Include="config">
      <UniqueIdentifier>{f8a43aa4-9cb4-431c-a6c4-f81cba4f2924}</UniqueIdentifier>
    </Filter>
    <Filter Include="config\imageprocessor">
      <UniqueIdentifier>{3b608294-dccc-4a43-884b-2f0e858d8f0e}</UniqueIdentifier>
    </Filter>
  </ItemGroup>
  <ItemGroup>
    <ClCompile Include="code\main.cpp">
      <Filter>Source Files</Filter>
    </ClCompile>
    <ClCompile Include="..\EBO.cpp">
      <Filter>Source Files</Filter>
    </ClCompile>
    <ClCompile Include="..\glad.c">
      <Filter>Source Files</Filter>
    </ClCompile>
    <ClCompile Include="..\shaderClass.cpp">
      <Filter>Source Files</Filter>
    </ClCompile>
    <ClCompile Include="..\stb.cpp">
      <Filter>Source Files</Filter>
    </ClCompile>
    <ClCompile Include="..\Texture.cpp">
      <Filter>Source Files</Filter>
    </ClCompile>
    <ClCompile Include="..\VAO.cpp">
      <Filter>Source Files</Filter>
    </ClCompile>
    <ClCompile Include="..\VBO.cpp">
      <Filter>Source Files</Filter>
    </ClCompile>
    <ClCompile Include="..\Camera.cpp">
      <Filter>Source Files</Filter>
    </ClCompile>
  </ItemGroup>
  <ItemGroup>
    <None Include="packages.config" />
    <None Include="..\default.frag">
      <Filter>Resource Files\Shaders</Filter>
    </None>
    <None Include="..\default.vert">
      <Filter>Resource Files\Shaders</Filter>
    </None>
    <None Include="config\imageprocessor\security.config">
      <Filter>config\imageprocessor</Filter>
    </None>
    <None Include="config\imageprocessor\processing.config">
      <Filter>config\imageprocessor</Filter>
    </None>
    <None Include="config\imageprocessor\cache.config">
      <Filter>config\imageprocessor</Filter>
    </None>
    <None Include="default2.frag">
      <Filter>Resource Files\Shaders</Filter>
    </None>
    <None Include="default2.vert">
      <Filter>Resource Files\Shaders</Filter>
    </None>
  </ItemGroup>
  <ItemGroup>
    <ClInclude Include="..\EBO.h">
      <Filter>Header Files</Filter>
    </ClInclude>
    <ClInclude Include="..\shaderClass.h">
      <Filter>Header Files</Filter>
    </ClInclude>
    <ClInclude Include="..\Texture.h">
      <Filter>Header Files</Filter>
    </ClInclude>
    <ClInclude Include="..\VAO.h">
      <Filter>Header Files</Filter>
    </ClInclude>
    <ClInclude Include="..\VBO.h">
      <Filter>Header Files</Filter>
    </ClInclude>
    <ClInclude Include="..\libtiff\tiffiop.h">
      <Filter>Header Files</Filter>
    </ClInclude>
    <ClInclude Include="..\libtiff\tiffio.h">
      <Filter>Header Files</Filter>
    </ClInclude>
    <ClInclude Include="..\libtiff\tif_fax3.h">
      <Filter>Header Files</Filter>
    </ClInclude>
    <ClInclude Include="..\libtiff\tif_dir.h">
      <Filter>Header Files</Filter>
    </ClInclude>
    <ClInclude Include="..\libtiff\tiff.h">
      <Filter>Header Files</Filter>
    </ClInclude>
    <ClInclude Include="..\libtiff\tiffconf.wince.h">
      <Filter>Header Files</Filter>
    </ClInclude>
    <ClInclude Include="..\libtiff\tiffio.hxx">
      <Filter>Header Files</Filter>
    </ClInclude>
    <ClInclude Include="..\libtiff\tif_predict.h">
      <Filter>Header Files</Filter>
    </ClInclude>
    <ClInclude Include="..\libtiff\t4.h">
      <Filter>Header Files</Filter>
    </ClInclude>
    <ClInclude Include="..\libtiff\tif_config.wince.h">
      <Filter>Header Files</Filter>
    </ClInclude>
    <ClInclude Include="..\libtiff\tif_config.h">
      <Filter>Header Files</Filter>
    </ClInclude>
    <ClInclude Include="..\libtiff\tif_config.vc.h">
      <Filter>Header Files</Filter>
    </ClInclude>
    <ClInclude Include="..\libtiff\tiffconf.h">
      <Filter>Header Files</Filter>
    </ClInclude>
    <ClInclude Include="..\libtiff\tiffconf.vc.h">
      <Filter>Header Files</Filter>
    </ClInclude>
    <ClInclude Include="..\libtiff\uvcode.h">
      <Filter>Header Files</Filter>
    </ClInclude>
    <ClInclude Include="..\libtiff\tiffvers.h">
      <Filter>Header Files</Filter>
    </ClInclude>
    <ClInclude Include="..\Camera.h">
      <Filter>Header Files</Filter>
    </ClInclude>
  </ItemGroup>
</Project>